
Microsoft Visual Studio Solution File, Format Version 12.00
# Visual Studio Version 17
VisualStudioVersion = 17.11.35312.102
MinimumVisualStudioVersion = 10.0.40219.1
Project("{FAE04EC0-301F-11D3-BF4B-00C04F79EFBC}") = "CustomerSaleSYS", "CustomerSaleSYS\CustomerSaleSYS.csproj", "{A804D479-00BD-44E9-91B5-64E8DEBC5EEF}"
EndProject
Global
	GlobalSection(SolutionConfigurationPlatforms) = preSolution
		Debug|Any CPU = Debug|Any CPU
		Release|Any CPU = Release|Any CPU
	EndGlobalSection
	GlobalSection(ProjectConfigurationPlatforms) = postSolution
		{A804D479-00BD-44E9-91B5-64E8DEBC5EEF}.Debug|Any CPU.ActiveCfg = Debug|Any CPU
		{A804D479-00BD-44E9-91B5-64E8DEBC5EEF}.Debug|Any CPU.Build.0 = Debug|Any CPU
		{A804D479-00BD-44E9-91B5-64E8DEBC5EEF}.Release|Any CPU.ActiveCfg = Release|Any CPU
		{A804D479-00BD-44E9-91B5-64E8DEBC5EEF}.Release|Any CPU.Build.0 = Release|Any CPU
	EndGlobalSection
	GlobalSection(SolutionProperties) = preSolution
		HideSolutionNode = FALSE
	EndGlobalSection
	GlobalSection(ExtensibilityGlobals) = postSolution
		SolutionGuid = {16F96ED2-5124-4A0E-B67C-AE83C301218D}
	EndGlobalSection
EndGlobal
